Microsoft Visual Studio Solution File, Format Version 12.00
# Visual Studio Version 17
VisualStudioVersion = 17.5.2.0
MinimumVisualStudioVersion = 10.0.40219.1
Project("{FAE04EC0-301F-11D3-BF4B-00C04F79EFBC}") = "shining-knight", "shining-knight.csproj", "{360A0F84-5CB4-2E1D-6AAC-EB821FE5F84C}"
EndProject
Global
	GlobalSection(SolutionConfigurationPlatforms) = preSolution
		Debug|Any CPU = Debug|Any CPU
		Release|Any CPU = Release|Any CPU
	EndGlobalSection
	GlobalSection(ProjectConfigurationPlatforms) = postSolution
		{360A0F84-5CB4-2E1D-6AAC-EB821FE5F84C}.Debug|Any CPU.ActiveCfg = Debug|Any CPU
		{360A0F84-5CB4-2E1D-6AAC-EB821FE5F84C}.Debug|Any CPU.Build.0 = Debug|Any CPU
		{360A0F84-5CB4-2E1D-6AAC-EB821FE5F84C}.Release|Any CPU.ActiveCfg = Release|Any CPU
		{360A0F84-5CB4-2E1D-6AAC-EB821FE5F84C}.Release|Any CPU.Build.0 = Release|Any CPU
	EndGlobalSection
	GlobalSection(SolutionProperties) = preSolution
		HideSolutionNode = FALSE
	EndGlobalSection
	GlobalSection(ExtensibilityGlobals) = postSolution
		SolutionGuid = {4DD76EA8-1C90-4F43-B3A9-703758C6ED08}
	EndGlobalSection
EndGlobal
